
Microsoft Visual Studio Solution File, Format Version 12.00
# Visual Studio Version 16
VisualStudioVersion = 16.0.30804.86
MinimumVisualStudioVersion = 10.0.40219.1
Project("{2150E333-8FDC-42A3-9474-1A3956D46DE8}") = "Web", "Web", "{D0B0289C-AB44-40C4-A9ED-813965A23E04}"
EndProject
Project("{FAE04EC0-301F-11D3-BF4B-00C04F79EFBC}") = "TS.UI", "TS.UI\TS.UI.csproj", "{A81CDB90-6AA9-4102-89F4-65D69169B497}"
EndProject
Global
	GlobalSection(SolutionConfigurationPlatforms) = preSolution
		Debug|Any CPU = Debug|Any CPU
		Release|Any CPU = Release|Any CPU
	EndGlobalSection
	GlobalSection(ProjectConfigurationPlatforms) = postSolution
		{A81CDB90-6AA9-4102-89F4-65D69169B497}.Debug|Any CPU.ActiveCfg = Debug|Any CPU
		{A81CDB90-6AA9-4102-89F4-65D69169B497}.Debug|Any CPU.Build.0 = Debug|Any CPU
		{A81CDB90-6AA9-4102-89F4-65D69169B497}.Release|Any CPU.ActiveCfg = Release|Any CPU
		{A81CDB90-6AA9-4102-89F4-65D69169B497}.Release|Any CPU.Build.0 = Release|Any CPU
	EndGlobalSection
	GlobalSection(SolutionProperties) = preSolution
		HideSolutionNode = FALSE
	EndGlobalSection
	GlobalSection(NestedProjects) = preSolution
		{A81CDB90-6AA9-4102-89F4-65D69169B497} = {D0B0289C-AB44-40C4-A9ED-813965A23E04}
	EndGlobalSection
	GlobalSection(ExtensibilityGlobals) = postSolution
		SolutionGuid = {4B0993F1-D84B-4A12-83C5-3BA1BB6814AE}
	EndGlobalSection
EndGlobal
